// !$*UTF8*$!
{
	archiveVersion = 1;
	classes = {
	};
	objectVersion = 55;
	objects = {

/* Begin PBXBuildFile section */
		BA0AC6FC280B6FD8000E160B /* ListViewController.swift in Sources */ = {isa = PBXBuildFile; fileRef = BA0AC6FB280B6FD8000E160B /* ListViewController.swift */; };
		BA0AC6FE280B74EA000E160B /* CoinViewController.swift in Sources */ = {isa = PBXBuildFile; fileRef = BA0AC6FD280B74EA000E160B /* CoinViewController.swift */; };
		BA0AC701280B7F08000E160B /* CoinCell.swift in Sources */ = {isa = PBXBuildFile; fileRef = BA0AC6FF280B7F08000E160B /* CoinCell.swift */; };
		BA0AC702280B7F08000E160B /* CoinCell.xib in Resources */ = {isa = PBXBuildFile; fileRef = BA0AC700280B7F08000E160B /* CoinCell.xib */; };
		BA12CB56283AF2F600AB95A8 /* RegisterViewController.swift in Sources */ = {isa = PBXBuildFile; fileRef = BA12CB55283AF2F600AB95A8 /* RegisterViewController.swift */; };
		BA12CB58283AF2FD00AB95A8 /* LoginViewController.swift in Sources */ = {isa = PBXBuildFile; fileRef = BA12CB57283AF2FD00AB95A8 /* LoginViewController.swift */; };
		BA12CB5B283AF68100AB95A8 /* FirebaseAuth in Frameworks */ = {isa = PBXBuildFile; productRef = BA12CB5A283AF68100AB95A8 /* FirebaseAuth */; };
		BA12CB5D283AF68100AB95A8 /* FirebaseAuthCombine-Community in Frameworks */ = {isa = PBXBuildFile; productRef = BA12CB5C283AF68100AB95A8 /* FirebaseAuthCombine-Community */; };
		BA12CB5F283AF68100AB95A8 /* FirebaseDatabase in Frameworks */ = {isa = PBXBuildFile; productRef = BA12CB5E283AF68100AB95A8 /* FirebaseDatabase */; };
		BA12CB61283AF68100AB95A8 /* FirebaseDatabaseSwift in Frameworks */ = {isa = PBXBuildFile; productRef = BA12CB60283AF68100AB95A8 /* FirebaseDatabaseSwift */; };
		BA12CB63283AF68100AB95A8 /* FirebaseFirestore in Frameworks */ = {isa = PBXBuildFile; productRef = BA12CB62283AF68100AB95A8 /* FirebaseFirestore */; };
		BA12CB65283AF68100AB95A8 /* FirebaseFirestoreCombine-Community in Frameworks */ = {isa = PBXBuildFile; productRef = BA12CB64283AF68100AB95A8 /* FirebaseFirestoreCombine-Community */; };
		BA12CB67283AF68100AB95A8 /* FirebaseFirestoreSwift in Frameworks */ = {isa = PBXBuildFile; productRef = BA12CB66283AF68100AB95A8 /* FirebaseFirestoreSwift */; };
		BA12CB69283AF68100AB95A8 /* FirebaseStorage in Frameworks */ = {isa = PBXBuildFile; productRef = BA12CB68283AF68100AB95A8 /* FirebaseStorage */; };
		BA12CB6B283AF68100AB95A8 /* FirebaseStorageCombine-Community in Frameworks */ = {isa = PBXBuildFile; productRef = BA12CB6A283AF68100AB95A8 /* FirebaseStorageCombine-Community */; };
		BA12CB6F283AFC1900AB95A8 /* GoogleService-Info.plist in Resources */ = {isa = PBXBuildFile; fileRef = BA12CB6E283AFC1900AB95A8 /* GoogleService-Info.plist */; };
		BA12CB72283AFFD600AB95A8 /* Alamofire in Frameworks */ = {isa = PBXBuildFile; productRef = BA12CB71283AFFD600AB95A8 /* Alamofire */; };
		BAF44A14280AC9F000F39A19 /* AppDelegate.swift in Sources */ = {isa = PBXBuildFile; fileRef = BAF44A13280AC9F000F39A19 /* AppDelegate.swift */; };
		BAF44A16280AC9F000F39A19 /* SceneDelegate.swift in Sources */ = {isa = PBXBuildFile; fileRef = BAF44A15280AC9F000F39A19 /* SceneDelegate.swift */; };
		BAF44A1B280AC9F000F39A19 /* Main.storyboard in Resources */ = {isa = PBXBuildFile; fileRef = BAF44A19280AC9F000F39A19 /* Main.storyboard */; };
		BAF44A1D280AC9F200F39A19 /* Assets.xcassets in Resources */ = {isa = PBXBuildFile; fileRef = BAF44A1C280AC9F200F39A19 /* Assets.xcassets */; };
		BAF44A20280AC9F200F39A19 /* LaunchScreen.storyboard in Resources */ = {isa = PBXBuildFile; fileRef = BAF44A1E280AC9F200F39A19 /* LaunchScreen.storyboard */; };
		BAF44A2B280B5F6600F39A19 /* CoinPresenter.swift in Sources */ = {isa = PBXBuildFile; fileRef = BAF44A2A280B5F6600F39A19 /* CoinPresenter.swift */; };
		BAF44A2D280B5FDD00F39A19 /* Coin.swift in Sources */ = {isa = PBXBuildFile; fileRef = BAF44A2C280B5FDD00F39A19 /* Coin.swift */; };
/* End PBXBuildFile section */

/* Begin PBXFileReference section */
		BA0AC6FB280B6FD8000E160B /* ListViewController.swift */ = {isa = PBXFileReference; lastKnownFileType = sourcecode.swift; path = ListViewController.swift; sourceTree = "<group>"; };
		BA0AC6FD280B74EA000E160B /* CoinViewController.swift */ = {isa = PBXFileReference; lastKnownFileType = sourcecode.swift; path = CoinViewController.swift; sourceTree = "<group>"; };
		BA0AC6FF280B7F08000E160B /* CoinCell.swift */ = {isa = PBXFileReference; lastKnownFileType = sourcecode.swift; path = CoinCell.swift; sourceTree = "<group>"; };
		BA0AC700280B7F08000E160B /* CoinCell.xib */ = {isa = PBXFileReference; lastKnownFileType = file.xib; path = CoinCell.xib; sourceTree = "<group>"; };
		BA12CB55283AF2F600AB95A8 /* RegisterViewController.swift */ = {isa = PBXFileReference; lastKnownFileType = sourcecode.swift; path = RegisterViewController.swift; sourceTree = "<group>"; };
		BA12CB57283AF2FD00AB95A8 /* LoginViewController.swift */ = {isa = PBXFileReference; lastKnownFileType = sourcecode.swift; path = LoginViewController.swift; sourceTree = "<group>"; };
		BA12CB6E283AFC1900AB95A8 /* GoogleService-Info.plist */ = {isa = PBXFileReference; fileEncoding = 4; lastKnownFileType = text.plist.xml; path = "GoogleService-Info.plist"; sourceTree = "<group>"; };
		BAF44A10280AC9F000F39A19 /* Crypto.app */ = {isa = PBXFileReference; explicitFileType = wrapper.application; includeInIndex = 0; path = Crypto.app; sourceTree = BUILT_PRODUCTS_DIR; };
		BAF44A13280AC9F000F39A19 /* AppDelegate.swift */ = {isa = PBXFileReference; lastKnownFileType = sourcecode.swift; path = AppDelegate.swift; sourceTree = "<group>"; };
		BAF44A15280AC9F000F39A19 /* SceneDelegate.swift */ = {isa = PBXFileReference; lastKnownFileType = sourcecode.swift; path = SceneDelegate.swift; sourceTree = "<group>"; };
		BAF44A1A280AC9F000F39A19 /* Base */ = {isa = PBXFileReference; lastKnownFileType = file.storyboard; name = Base; path = Base.lproj/Main.storyboard; sourceTree = "<group>"; };
		BAF44A1C280AC9F200F39A19 /* Assets.xcassets */ = {isa = PBXFileReference; lastKnownFileType = folder.assetcatalog; path = Assets.xcassets; sourceTree = "<group>"; };
		BAF44A1F280AC9F200F39A19 /* Base */ = {isa = PBXFileReference; lastKnownFileType = file.storyboard; name = Base; path = Base.lproj/LaunchScreen.storyboard; sourceTree = "<group>"; };
		BAF44A21280AC9F200F39A19 /* Info.plist */ = {isa = PBXFileReference; lastKnownFileType = text.plist.xml; path = Info.plist; sourceTree = "<group>"; };
		BAF44A2A280B5F6600F39A19 /* CoinPresenter.swift */ = {isa = PBXFileReference; lastKnownFileType = sourcecode.swift; path = CoinPresenter.swift; sourceTree = "<group>"; };
		BAF44A2C280B5FDD00F39A19 /* Coin.swift */ = {isa = PBXFileReference; lastKnownFileType = sourcecode.swift; path = Coin.swift; sourceTree = "<group>"; };
/* End PBXFileReference section */

/* Begin PBXFrameworksBuildPhase section */
		BAF44A0D280AC9F000F39A19 /* Frameworks */ = {
			isa = PBXFrameworksBuildPhase;
			buildActionMask = 2147483647;
			files = (
				BA12CB61283AF68100AB95A8 /* FirebaseDatabaseSwift in Frameworks */,
				BA12CB5F283AF68100AB95A8 /* FirebaseDatabase in Frameworks */,
				BA12CB5B283AF68100AB95A8 /* FirebaseAuth in Frameworks */,
				BA12CB67283AF68100AB95A8 /* FirebaseFirestoreSwift in Frameworks */,
				BA12CB65283AF68100AB95A8 /* FirebaseFirestoreCombine-Community in Frameworks */,
				BA12CB72283AFFD600AB95A8 /* Alamofire in Frameworks */,
				BA12CB69283AF68100AB95A8 /* FirebaseStorage in Frameworks */,
				BA12CB63283AF68100AB95A8 /* FirebaseFirestore in Frameworks */,
				BA12CB6B283AF68100AB95A8 /* FirebaseStorageCombine-Community in Frameworks */,
				BA12CB5D283AF68100AB95A8 /* FirebaseAuthCombine-Community in Frameworks */,
			);
			runOnlyForDeploymentPostprocessing = 0;
		};
/* End PBXFrameworksBuildPhase section */

/* Begin PBXGroup section */
		BAF44A07280AC9F000F39A19 = {
			isa = PBXGroup;
			children = (
				BAF44A12280AC9F000F39A19 /* Crypto */,
				BAF44A11280AC9F000F39A19 /* Products */,
			);
			sourceTree = "<group>";
		};
		BAF44A11280AC9F000F39A19 /* Products */ =