// !$*UTF8*$!
{
	archiveVersion = 1;
	classes = {
	};
	objectVersion = 55;
	objects = {

/* Begin PBXBuildFile section */
		BA0AC6FC280B6FD8000E160B /* ListViewController.swift in Sources */ = {isa = PBXBuildFile; fileRef = BA0AC6FB280B6FD8000E160B /* ListViewController.swift */; };
		BA0AC6FE280B74EA000E160B /* CoinViewController.swift in Sources */ = {isa = PBXBuildFile; fileRef = BA0AC6FD280B74EA000E160B /* CoinViewController.swift */; };
		BA0AC701280B7F08000E160B /* CoinCell.swift in Sources */ = {isa = PBXBuildFile; fileRef = BA0AC6FF280B7F08000E160B /* CoinCell.swift */; };
		BA0AC702280B7F08000E160B /* CoinCell.xib in Resources */ = {isa = PBXBuildFile; f